Microsoft Visual Studio Solution File, Format Version 12.00
# Visual Studio Version 17
VisualStudioVersion = 17.5.2.0
MinimumVisualStudioVersion = 10.0.40219.1
Project("{FAE04EC0-301F-11D3-BF4B-00C04F79EFBC}") = "ElevatorSystem", "ElevatorSystem.csproj", "{EC1C561F-4702-675F-D48A-0AB7872EEA2E}"
EndProject
Global
	GlobalSection(SolutionConfigurationPlatforms) = preSolution
		Debug|Any CPU = Debug|Any CPU
		Release|Any CPU = Release|Any CPU
	EndGlobalSection
	GlobalSection(ProjectConfigurationPlatforms) = postSolution
		{EC1C561F-4702-675F-D48A-0AB7872EEA2E}.Debug|Any CPU.ActiveCfg = Debug|Any CPU
		{EC1C561F-4702-675F-D48A-0AB7872EEA2E}.Debug|Any CPU.Build.0 = Debug|Any CPU
		{EC1C561F-4702-675F-D48A-0AB7872EEA2E}.Release|Any CPU.ActiveCfg = Release|Any CPU
		{EC1C561F-4702-675F-D48A-0AB7872EEA2E}.Release|Any CPU.Build.0 = Release|Any CPU
	EndGlobalSection
	GlobalSection(SolutionProperties) = preSolution
		HideSolutionNode = FALSE
	EndGlobalSection
	GlobalSection(ExtensibilityGlobals) = postSolution
		SolutionGuid = {2F91D68C-EBAB-4358-B943-9404CE2DF6A4}
	EndGlobalSection
EndGlobal
